<?xml version="1.0" encoding="utf-8"?>
<Project ToolsVersion="4.0" xmlns="http://schemas.microsoft.com/developer/msbuild/2003">
  <ItemGroup>
    <Filter Include="core">
      <UniqueIdentifier>{7ba6fe85-a3f2-4e13-914d-2dd3f05093f7}</UniqueIdentifier>
    </Filter>
    <Filter Include="tools">
      <UniqueIdentifier>{409a393f-c18e-442d-85b6-5169141070b1}</UniqueIdentifier>
    </Filter>
    <Filter Include="pugixml">
      <UniqueIdentifier>{c41c75ea-936e-49f1-ad4e-169c75c41394}</UniqueIdentifier>
    </Filter>
    <Filter Include="ted">
      <UniqueIdentifier>{78ae0068-f55d-4491-aed0-a85c87115903}</UniqueIdentifier>
    </Filter>
  </ItemGroup>
  <ItemGroup>
    <ClCompile Include="..\src\core\fmanager.cpp">
      <Filter>core</Filter>
    </ClCompile>
    <ClCompile Include="..\src\tools\utf.cpp">
      <Filter>core</Filter>
    </ClCompile>
    <ClCompile Include="..\src\crcore.cpp">
      <Filter>core</Filter>
    </ClCompile>
    <ClCompile Include="..\src\core\crnode.cpp">
      <Filter>core</Filter>
    </ClCompile>
    <ClCompile Include="..\src\core\crtree.cpp">
      <Filter>core</Filter>
    </ClCompile>
    <ClCompile Include="..\src\core\cruser.cpp">
      <Filter>core</Filter>
    </ClCompile>
    <ClCompile Include="..\src\tools\ct.cpp">
      <Filter>core</Filter>
    </ClCompile>
    <ClCompile Include="..\src\dllmain.cpp">
      <Filter>core</Filter>
    </ClCompile>
    <ClCompile Include="..\src\core\kw.cpp">
      <Filter>core</Filter>
    </ClCompile>
    <ClCompile Include="..\src\core\markmaker.cpp">
      <Filter>core</Filter>
    </ClCompile>
    <ClCompile Include="..\src\core\mcmt.cpp">
      <Filter>core</Filter>
    </ClCompile>
    <ClCompile Include="..\src\core\projectloader.cpp">
      <Filter>core</Filter>
    </ClCompile>
    <ClCompile Include="..\src\pugixml\pugixml.cpp">
      <Filter>core</Filter>
    </ClCompile>
    <ClCompile Include="..\src\tools\tdefs.cpp">
      <Filter>core</Filter>
    </ClCompile>
    <ClCompile Include="..\src\ted\text_encoding_detect.cpp">
      <Filter>core</Filter>
    </ClCompile>
  </ItemGroup>
  <ItemGroup>
    <ClInclude Include="..\src\ted\text_encoding_detect.h">
      <Filter>ted</Filter>
    </ClInclude>
    <ClInclude Include="..\src\core\core.h">
      <Filter>core</Filter>
    </ClInclude>
    <ClInclude Include="..\src\core\crnode.h">
      <Filter>core</Filter>
    </ClInclude>
    <ClInclude Include="..\src\core\crtree.h">
      <Filter>core</Filter>
    </ClInclude>
    <ClInclude Include="..\src\core\cruser.h">
      <Filter>core</Filter>
    </ClInclude>
    <ClInclude Include="..\src\core\kw.h">
      <Filter>core</Filter>
    </ClInclude>
    <ClInclude Include="..\src\core\loc.h">
      <Filter>core</Filter>
    </ClInclude>
    <ClInclude Include="..\src\core\mark.h">
      <Filter>core</Filter>
    </ClInclude>
    <ClInclude Include="..\src\core\markmaker.h">
      <Filter>core</Filter>
    </ClInclude>
    <ClInclude Include="..\src\core\mcmt.h">
      <Filter>core</Filter>
    </ClInclude>
    <ClInclude Include="..\src\core\nlexer.h">
      <Filter>core</Filter>
    </ClInclude>
    <ClInclude Include="..\src\core\parse.h">
      <Filter>core</Filter>
    </ClInclude>
    <ClInclude Include="..\src\core\projectloader.h">
      <Filter>core</Filter>
    </ClInclude>
    <ClInclude Include="..\src\core\scan.h">
      <Filter>core</Filter>
    </ClInclude>
    <ClInclude Include="..\src\core\token.h">
      <Filter>core</Filter>
    </ClInclude>
    <ClInclude Include="..\src\tools\utf.h">
      <Filter>tools</Filter>
    </ClInclude>
    <ClInclude Include="..\src\tools\ct.h">
      <Filter>tools</Filter>
    </ClInclude>
    <ClInclude Include="..\src\pugixml\pugiconfig.hpp">
      <Filter>pugixml</Filter>
    </ClInclude>
    <ClInclude Include="..\src\pugixml\pugixml.hpp">
      <Filter>pugixml</Filter>
    </ClInclude>
    <ClInclude Include="..\src\tools\tdefs.h">
      <Filter>tools</Filter>
    </ClInclude>
    <ClInclude Include="..\src\tools\tfbase.h">
      <Filter>tools</Filter>
    </ClInclude>
    <ClInclude Include="..\src\core\fmanager.h">
      <Filter>core</Filter>
    </ClInclude>
    <ClInclude Include="..\src\core\sig.h">
      <Filter>core</Filter>
    </ClInclude>
  </ItemGroup>
</Project>