
Microsoft Visual Studio Solution File, Format Version 11.00
# Visual Studio 2010
Project("{8BC9CEB8-8B4A-11D0-8D11-00A0C91BC942}") = "CR_Editor", "cr_editor.vcxproj", "{97408D9B-C200-47D0-91E7-188C78343F4D}"
EndProject
Global
	GlobalSection(SolutionConfigurationPlatforms) = preSolution
		Debug|Win32 = Debug|Win32
		Release|Win32 = Release|Win32
	EndGlobalSection
	GlobalSection(ProjectConfigurationPlatforms) = postSolution
		{97408D9B-C200-47D0-91E7-188C78343F4D}.Debug|Win32.ActiveCfg = Debug|Win32
		{97408D9B-C200-47D0-91E7-188C78343F4D}.Debug|Win32.Build.0 = Debug|Win32
		{97408D9B-C200-47D0-91E7-188C78343F4D}.Release|Win32.ActiveCfg = Release|Win32
		{97408D9B-C200-47D0-91E7-188C78343F4D}.Release|Win32.Build.0 = Release|Win32
	EndGlobalSection
	GlobalSection(SolutionProperties) = preSolution
		HideSolutionNode = FALSE
	EndGlobalSection
EndGlobal
